{
  "originHash" : "5c8aa2bba5624cc6e40d4cc332c70bb81eb4c969339a57e7bdedd8351a5755a8",
  "pins" : [
    {
      "identity" : "fp",
      "kind" : "remoteSourceControl",
      "location" : "https://github.com/luizmb/FP.git",
      "state" : {
        "revision" : "dda7d6cb9bc20a23f0c89e5447df258e5cd17e28",
        "version" : "1.8.1"
      }
    },
    {
      "identity" : "swift-syntax",
      "kind" : "remoteSourceControl",
      "location" : "https://github.com/swiftlang/swift-syntax.git",
      "state" : {
        "revision" : "4799286537280063c85a32f09884cfbca301b1a1",
        "version" : "602.0.0"
      }
    }
  ],
  "version" : 3
}
